
Microsoft Visual Studio Solution File, Format Version 12.00
# Visual Studio 15
Project("{FAE04EC0-301F-11D3-BF4B-00C04F79EFBC}") = "IntegrateHtmlToACard", "IntegrateHtmlToACard\IntegrateHtmlToACard.csproj", "{744DC31E-23F1-4251-8B3B-5D1EDB9563BA}"
EndProject
Global
	GlobalSection(SolutionConfigurationPlatforms) = preSolution
		Debug|iPhoneSimulator = Debug|iPhoneSimulator
		Release|iPhone = Release|iPhone
		Release|iPhoneSimulator = Release|iPhoneSimulator
		Debug|iPhone = Debug|iPhone
	EndGlobalSection
	GlobalSection(ProjectConfigurationPlatforms) = postSolution
		{744DC31E-23F1-4251-8B3B-5D1EDB9563BA}.Debug|iPhoneSimulator.ActiveCfg = Debug|iPhoneSimulator
		{744DC31E-23F1-4251-8B3B-5D1EDB9563BA}.Debug|iPhoneSimulator.Build.0 = Debug|iPhoneSimulator
		{744DC31E-23F1-4251-8B3B-5D1EDB9563BA}.Release|iPhone.ActiveCfg = Release|iPhone
		{744DC31E-23F1-4251-8B3B-5D1EDB9563BA}.Release|iPhone.Build.0 = Release|iPhone
		{744DC31E-23F1-4251-8B3B-5D1EDB9563BA}.Release|iPhoneSimulator.ActiveCfg = Release|iPhoneSimulator
		{744DC31E-23F1-4251-8B3B-5D1EDB9563BA}.Release|iPhoneSimulator.Build.0 = Release|iPhoneSimulator
		{744DC31E-23F1-4251-8B3B-5D1EDB9563BA}.Debug|iPhone.ActiveCfg = Debug|iPhone
		{744DC31E-23F1-4251-8B3B-5D1EDB9563BA}.Debug|iPhone.Build.0 = Debug|iPhone
	EndGlobalSection
EndGlobal
